
Microsoft Visual Studio Solution File, Format Version 12.00
# Visual Studio Version 17
VisualStudioVersion = 17.5.33424.131
MinimumVisualStudioVersion = 10.0.40219.1
Project("{F184B08F-C81C-45F6-A57F-5ABD9991F28F}") = "abstractaa", "abstractaa\abstractaa.vbproj", "{4A87B5F9-C378-490E-925C-D93DBE05AE6D}"
EndProject
Global
	GlobalSection(SolutionConfigurationPlatforms) = preSolution
		Debug|Any CPU = Debug|Any CPU
		Release|Any CPU = Release|Any CPU
	EndGlobalSection
	GlobalSection(ProjectConfigurationPlatforms) = postSolution
		{4A87B5F9-C378-490E-925C-D93DBE05AE6D}.Debug|Any CPU.ActiveCfg = Debug|Any CPU
		{4A87B5F9-C378-490E-925C-D93DBE05AE6D}.Debug|Any CPU.Build.0 = Debug|Any CPU
		{4A87B5F9-C378-490E-925C-D93DBE05AE6D}.Release|Any CPU.ActiveCfg = Release|Any CPU
		{4A87B5F9-C378-490E-925C-D93DBE05AE6D}.Release|Any CPU.Build.0 = Release|Any CPU
	EndGlobalSection
	GlobalSection(SolutionProperties) = preSolution
		HideSolutionNode = FALSE
	EndGlobalSection
	GlobalSection(ExtensibilityGlobals) = postSolution
		SolutionGuid = {7FC5243B-9F67-4D29-9386-8160C8E049F5}
	EndGlobalSection
EndGlobal
